
Microsoft Visual Studio Solution File, Format Version 12.00
# Visual Studio 15
VisualStudioVersion = 15.0.28010.2016
MinimumVisualStudioVersion = 10.0.40219.1
Project("{FAE04EC0-301F-11D3-BF4B-00C04F79EFBC}") = "SwithcaseNumber", "SwithcaseNumber.csproj", "{5A32CCAA-2C79-4CCC-8C0C-1A4515A504D8}"
EndProject
Global
	GlobalSection(SolutionConfigurationPlatforms) = preSolution
		Debug|Any CPU = Debug|Any CPU
		Release|Any CPU = Release|Any CPU
	EndGlobalSection
	GlobalSection(ProjectConfigurationPlatforms) = postSolution
		{5A32CCAA-2C79-4CCC-8C0C-1A4515A504D8}.Debug|Any CPU.ActiveCfg = Debug|Any CPU
		{5A32CCAA-2C79-4CCC-8C0C-1A4515A504D8}.Debug|Any CPU.Build.0 = Debug|Any CPU
		{5A32CCAA-2C79-4CCC-8C0C-1A4515A504D8}.Release|Any CPU.ActiveCfg = Release|Any CPU
		{5A32CCAA-2C79-4CCC-8C0C-1A4515A504D8}.Release|Any CPU.Build.0 = Release|Any CPU
	EndGlobalSection
	GlobalSection(SolutionProperties) = preSolution
		HideSolutionNode = FALSE
	EndGlobalSection
	GlobalSection(ExtensibilityGlobals) = postSolution
		SolutionGuid = {008CDC10-2287-494C-B4C3-122A1314A265}
	EndGlobalSection
EndGlobal
